{
  "version": 4,
  "terraform_version": "0.14.2",
  "serial": 44,
  "lineage": "51a7ff4e-c319-86e6-5e89-36b3a08a7be2",
  "outputs": {},
  "resources": [
    {
      "module": "module.systemshared",
      "mode": "data",
      "type": "aws_subnet_ids",
      "name": "subnets",
      "provider": "provider[\"registry.terraform.io/hashicorp/aws\"]",
      "instances": [
        {
          "schema_version": 0,
          "attributes": {
            "filter": null,
            "id": "vpc-009cbc51f7bb28df1",
            "ids": [
              "subnet-03ccfca35637e3c6e",
              "subnet-0c2991ed040a11ad5"
            ],
            "tags": null,
            "vpc_id": "vpc-009cbc51f7bb28df1"
          },
          "sensitive_attributes": []
        }
      ]
    },
    {
      "module": "module.systemshared",
      "mode": "managed",
      "type": "aws_backup_plan",
      "name": "filesystems",
      "provider": "provider[\"registry.terraform.io/hashicorp/aws\"]",
      "instances": [
        {
          "schema_version": 0,
          "attributes": {
            "advanced_backup_setting": [],
            "arn": "arn:aws:backup:eu-central-1:075097575793:backup-plan:929633ea-8a17-4037-b8b1-8516167419ee",
            "id": "929633ea-8a17-4037-b8b1-8516167419ee",
            "name": "fhc_backup_filesystems",
            "rule": [
              {
                "completion_window": 180,
                "copy_action": [],
                "lifecycle": [
                  {
                    "cold_storage_after": null,
                    "delete_after": 90
                  }
                ],
                "recovery_point_tags": {
                  "sap-sid": "FHC",
                  "terraform-module": "systemshared",
                  "type": "filesystem"
                },
                "rule_name": "fhc_backup_filesystems_rule",
                "schedule": "cron(0 20 * * ? *)",
                "start_window": 60,
                "target_vault_name": "fhc_backup_vault"
              }
            ],
            "tags": null,
            "version": "MWJiMDg5MGEtYWIyOS00N2I0LWIyMDItMzM5NjBlNTU1OWNl"
          },
          "sensitive_attributes": [],
          "private": "bnVsbA==",
          "dependencies": [
            "module.systemshared.aws_backup_vault.system",
            "module.systemshared.aws_kms_key.system"
          ]
        }
      ]
    },
    {
      "module": "module.systemshared",
      "mode": "managed",
      "type": "aws_backup_vault",
      "name": "system",
      "provider": "provider[\"registry.terraform.io/hashicorp/aws\"]",
      "instances": [
        {
          "schema_version": 0,
          "attributes": {
            "arn": "arn:aws:backup:eu-central-1:075097575793:backup-vault:fhc_backup_vault",
            "id": "fhc_backup_vault",
            "kms_key_arn": "arn:aws:kms:eu-central-1:075097575793:key/9ebd3ecd-a7d1-419d-9286-fa8ccd20cba5",
            "name": "fhc_backup_vault",
            "recovery_points": 0,
            "tags": {
              "Name": "fhc_backup_vault",
              "sap-sid": "FHC",
              "terraform-module": "systemshared"
            }
          },
          "sensitive_attributes": [],
          "private": "bnVsbA==",
          "dependencies": [
            "module.systemshared.aws_kms_key.system"
          ]
        }
      ]
    },
    {
      "module": "module.systemshared",
      "mode": "managed",
      "type": "aws_efs_access_point",
      "name": "sapmnt",
      "provider": "provider[\"registry.terraform.io/hashicorp/aws\"]",
      "instances": [
        {
          "schema_version": 0,
          "attributes": {
            "arn": "arn:aws:elasticfilesystem:eu-central-1:075097575793:access-point/fsap-061c3ebc391eace6b",
            "file_system_arn": "arn:aws:elasticfilesystem:eu-central-1:075097575793:file-system/fs-30065668",
            "file_system_id": "fs-30065668",
            "id": "fsap-061c3ebc391eace6b",
            "owner_id": "075097575793",
            "posix_user": [],
            "root_directory": [
              {
                "creation_info": [],
                "path": "/sapmnt/FHC"
              }
            ],
            "tags": {
              "Name": "sapmnt_FHC",
              "sap-sid": "FHC",
              "terraform-module": "systemshared"
            }
          },
          "sensitive_attributes": [],
          "private": "bnVsbA==",
          "dependencies": [
            "module.systemshared.aws_efs_file_system.system",
            "module.systemshared.aws_kms_key.system"
          ]
        }
      ]
    },
    {
      "module": "module.systemshared",
      "mode": "managed",
      "type": "aws_efs_access_point",
      "name": "transport",
      "provider": "provider[\"registry.terraform.io/hashicorp/aws\"]",
      "instances": [
        {
          "schema_version": 0,
          "attributes": {
            "arn": "arn:aws:elasticfilesystem:eu-central-1:075097575793:access-point/fsap-0428137e83ecde26f",
            "file_system_arn": "arn:aws:elasticfilesystem:eu-central-1:075097575793:file-system/fs-30065668",
            "file_system_id": "fs-30065668",
            "id": "fsap-0428137e83ecde26f",
            "owner_id": "075097575793",
            "posix_user": [],
            "root_directory": [
              {
                "creation_info": [],
                "path": "/usr/sap/trans"
              }
            ],
            "tags": {
              "Name": "transport_FHC",
              "sap-sid": "FHC",
              "terraform-module": "systemshared"
            }
          },
          "sensitive_attributes": [],
          "private": "bnVsbA==",
          "dependencies": [
            "module.systemshared.aws_efs_file_system.system",
            "module.systemshared.aws_kms_key.system"
          ]
        }
      ]
    },
    {
      "module": "module.systemshared",
      "mode": "managed",
      "type": "aws_efs_file_system",
      "name": "system",
      "provider": "provider[\"registry.terraform.io/hashicorp/aws\"]",
      "instances": [
        {
          "schema_version": 0,
          "attributes": {
            "arn": "arn:aws:elasticfilesystem:eu-central-1:075097575793:file-system/fs-30065668",
            "creation_token": "system_FHC",
            "dns_name": "fs-30065668.efs.eu-central-1.amazonaws.com",
            "encrypted": true,
            "id": "fs-30065668",
            "kms_key_id": "arn:aws:kms:eu-central-1:075097575793:key/9ebd3ecd-a7d1-419d-9286-fa8ccd20cba5",
            "lifecycle_policy": [],
            "performance_mode": "generalPurpose",
            "provisioned_throughput_in_mibps": 0,
            "tags": {
              "Name": "system_FHC",
              "sap-sid": "FHC",
              "terraform-module": "systemshared"
            },
            "throughput_mode": "bursting"
          },
          "sensitive_attributes": [],
          "private": "bnVsbA==",
          "dependencies": [
            "module.systemshared.aws_kms_key.system"
          ]
        }
      ]
    },
    {
      "module": "module.systemshared",
      "mode": "managed",
      "type": "aws_efs_mount_target",
      "name": "mount_system",
      "provider": "provider[\"registry.terraform.io/hashicorp/aws\"]",
      "instances": [
        {
          "index_key": "subnet-03ccfca35637e3c6e",
          "schema_version": 0,
          "attributes": {
            "availability_zone_id": "euc1-az2",
            "availability_zone_name": "eu-central-1a",
            "dns_name": "fs-30065668.efs.eu-central-1.amazonaws.com",
            "file_system_arn": "arn:aws:elasticfilesystem:eu-central-1:075097575793:file-system/fs-30065668",
            "file_system_id": "fs-30065668",
            "id": "fsmt-4d725a14",
            "ip_address": "10.3.26.10",
            "mount_target_dns_name": "eu-central-1a.fs-30065668.efs.eu-central-1.amazonaws.com",
            "network_interface_id": "eni-05cb07fb19eb6741c",
            "owner_id": "075097575793",
            "security_groups": [
              "sg-01dc0a76cff94f3d2"
            ],
            "subnet_id": "subnet-03ccfca35637e3c6e"
          },
          "sensitive_attributes": [],
          "private": "bnVsbA==",
          "dependencies": [
            "module.systemshared.aws_efs_file_system.system",
            "module.systemshared.aws_kms_key.system",
            "module.systemshared.aws_security_group.sec_group_efs",
            "module.systemshared.data.aws_subnet_ids.subnets"
          ]
        },
        {
          "index_key": "subnet-0c2991ed040a11ad5",
          "schema_version": 0,
          "attributes": {
            "availability_zone_id": "euc1-az3",
            "availability_zone_name": "eu-central-1b",
            "dns_name": "fs-30065668.efs.eu-central-1.amazonaws.com",
            "file_system_arn": "arn:aws:elasticfilesystem:eu-central-1:075097575793:file-system/fs-30065668",
            "file_system_id": "fs-30065668",
            "id": "fsmt-4c725a15",
            "ip_address": "10.3.26.23",
            "mount_target_dns_name": "eu-central-1b.fs-30065668.efs.eu-central-1.amazonaws.com",
            "network_interface_id": "eni-0f60d2b7c49a53e36",
            "owner_id": "075097575793",
            "security_groups": [
              "sg-01dc0a76cff94f3d2"
            ],
            "subnet_id": "subnet-0c2991ed040a11ad5"
          },
          "sensitive_attributes": [],
          "private": "bnVsbA==",
          "dependencies": [
            "module.systemshared.aws_efs_file_system.system",
            "module.systemshared.aws_kms_key.system",
            "module.systemshared.aws_security_group.sec_group_efs",
            "module.systemshared.data.aws_subnet_ids.subnets"
          ]
        }
      ]
    },
    {
      "module": "module.systemshared",
      "mode": "managed",
      "type": "aws_iam_policy",
      "name": "dataprovider",
      "provider": "provider[\"registry.terraform.io/hashicorp/aws\"]",
      "instances": [
        {
          "schema_version": 0,
          "attributes": {
            "arn": "arn:aws:iam::075097575793:policy/FHC-DataProviderPolicy",
            "description": "Policy for the AWS Data Provider for SAP",
            "id": "arn:aws:iam::075097575793:policy/FHC-DataProviderPolicy",
            "name": "FHC-DataProviderPolicy",
            "name_prefix": null,
            "path": "/",
            "policy": "{\r\n  \"Version\": \"2012-10-17\",\r\n  \"Statement\": [\r\n    {\r\n      \"Sid\": \"VisualEditor0\",\r\n      \"Effect\": \"Allow\",\r\n      \"Action\": [\r\n        \"EC2:DescribeInstances\",\r\n        \"cloudwatch:GetMetricStatistics\",\r\n        \"EC2:DescribeVolumes\"\r\n      ],\r\n      \"Resource\": \"*\"\r\n    },\r\n    {\r\n      \"Sid\": \"VisualEditor1\",\r\n      \"Effect\": \"Allow\",\r\n      \"Action\": \"s3:GetObject\",\r\n      \"Resource\": [\r\n      \"arn:aws:s3:::aws-sap-data-provider/config.properties\"\r\n      ]\r\n    }\r\n  ]\r\n}   \r\n"
          },
          "sensitive_attributes": [],
          "private": "bnVsbA=="
        }
      ]
    },
    {
      "module": "module.systemshared",
      "mode": "managed",
      "type": "aws_iam_policy",
      "name": "hana_backint",
      "provider": "provider[\"registry.terraform.io/hashicorp/aws\"]",
      "instances": [
        {
          "schema_version": 0,
          "attributes": {
            "arn": "arn:aws:iam::075097575793:policy/FHC-BackintPolicy",
            "description": "Policy for the HANA backint Backups",
            "id": "arn:aws:iam::075097575793:policy/FHC-BackintPolicy",
            "name": "FHC-BackintPolicy",
            "name_prefix": null,
            "path": "/",
            "policy": "{\r\n  \"Version\": \"2012-10-17\",\r\n  \"Statement\": [\r\n    {\r\n      \"Sid\": \"VisualEditor1\",\r\n      \"Effect\": \"Allow\",\r\n      \"Action\": [\r\n        \"s3:GetBucketPolicyStatus\",\r\n        \"s3:GetBucketLocation\",\r\n        \"s3:ListBucket\",\r\n        \"s3:GetBucketAcl\",\r\n        \"s3:GetBucketPolicy\"\r\n      ],\r\n      \"Resource\": [\r\n        \"arn:aws:s3:::fhc-hana-backint/*\",\r\n        \"arn:aws:s3:::fhc-hana-backint\"\r\n      ]\r\n    },\r\n    {\r\n      \"Sid\": \"VisualEditor2\",\r\n      \"Effect\": \"Allow\",\r\n      \"Action\": [\r\n        \"kms:Decrypt\",\r\n        \"kms:GenerateDataKey\"\r\n      ],\r\n      \"Resource\": \"arn:aws:kms:eu-central-1:075097575793:key/9ebd3ecd-a7d1-419d-9286-fa8ccd20cba5\"\r\n    },\r\n    {\r\n      \"Sid\": \"VisualEditor0\",\r\n      \"Effect\": \"Allow\",\r\n      \"Action\": [\r\n        \"s3:PutObjectTagging\",\r\n        \"s3:PutObject\",\r\n        \"s3:GetObject\",\r\n        \"s3:DeleteObject\"\r\n      ],\r\n      \"Resource\": \"arn:aws:s3:::fhc-hana-backint/FHC/*\"\r\n    }\r\n  ]\r\n}   \r\n"
          },
          "sensitive_attributes": [],
          "private": "bnVsbA==",
          "dependencies": [
            "module.systemshared.aws_kms_key.system",
            "module.systemshared.aws_s3_bucket.hana_backint"
          ]
        }
      ]
    },
    {
      "module": "module.systemshared",
      "mode": "managed",
      "type": "aws_iam_role",
      "name": "backup",
      "provider": "provider[\"registry.terraform.io/hashicorp/aws\"]",
      "instances": [
        {
          "schema_version": 0,
          "attributes": {
            "arn": "arn:aws:iam::075097575793:role/fhc_backup_role",
            "assume_role_policy": "{\"Version\":\"2012-10-17\",\"Statement\":[{\"Effect\":\"Allow\",\"Principal\":{\"Service\":\"backup.amazonaws.com\"},\"Action\":\"sts:AssumeRole\"}]}",
            "create_date": "2020-12-14T13:25:58Z",
            "description": "",
            "force_detach_policies": false,
            "id": "fhc_backup_role",
            "max_session_duration": 3600,
            "name": "fhc_backup_role",
            "name_prefix": null,
            "path": "/",
            "permissions_boundary": null,
            "tags": null,
            "unique_id": "AROARC7BKCFY7P7X4GT24"
          },
          "sensitive_attributes": [],
          "private": "bnVsbA=="
        }
      ]
    },
    {
      "module": "module.systemshared",
      "mode": "managed",
      "type": "aws_iam_role",
      "name": "hanadb_role",
      "provider": "provider[\"registry.terraform.io/hashicorp/aws\"]",
      "instances": [
        {
          "schema_version": 0,
          "attributes": {
            "arn": "arn:aws:iam::075097575793:role/FHC_hanadb_role",
            "assume_role_policy": "{\"Version\":\"2012-10-17\",\"Statement\":[{\"Sid\":\"\",\"Effect\":\"Allow\",\"Principal\":{\"Service\":\"ec2.amazonaws.com\"},\"Action\":\"sts:AssumeRole\"}]}",
            "create_date": "2020-12-14T13:25:58Z",
            "description": "",
            "force_detach_policies": false,
            "id": "FHC_hanadb_role",
            "max_session_duration": 3600,
            "name": "FHC_hanadb_role",
            "name_prefix": null,
            "path": "/",
            "permissions_boundary": null,
            "tags": {
              "Name": "FHC_hanadb_role",
              "sap-sid": "FHC",
              "terraform-module": "systemshared"
            },
            "unique_id": "AROARC7BKCFY4TIEDDJL7"
          },
          "sensitive_attributes": [],
          "private": "bnVsbA=="
        }
      ]
    },
    {
      "module": "module.systemshared",
      "mode": "managed",
      "type": "aws_iam_role",
      "name": "s4_role",
      "provider": "provider[\"registry.terraform.io/hashicorp/aws\"]",
      "instances": [
        {
          "schema_version": 0,
          "attributes": {
            "arn": "arn:aws:iam::075097575793:role/FHC_s4_role",
            "assume_role_policy": "{\"Version\":\"2012-10-17\",\"Statement\":[{\"Sid\":\"\",\"Effect\":\"Allow\",\"Principal\":{\"Service\":\"ec2.amazonaws.com\"},\"Action\":\"sts:AssumeRole\"}]}",
            "create_date": "2020-12-14T13:25:58Z",
            "description": "",
            "force_detach_policies": false,
            "id": "FHC_s4_role",
            "max_session_duration": 3600,
            "name": "FHC_s4_role",
            "name_prefix": null,
            "path": "/",
            "permissions_boundary": null,
            "tags": {
              "Name": "FHC_s4_role",
              "sap-sid": "FHC",
              "terraform-module": "systemshared"
            },
            "unique_id": "AROARC7BKCFYWBIVJESRX"
          },
          "sensitive_attributes": [],
          "private": "bnVsbA=="
        }
      ]
    },
    {
      "module": "module.systemshared",
      "mode": "managed",
      "type": "aws_iam_role_policy_attachment",
      "name": "backup",
      "provider": "provider[\"registry.terraform.io/hashicorp/aws\"]",
      "instances": [
        {
          "schema_version": 0,
          "attributes": {
            "id": "fhc_backup_role-20201214132557501800000002",
            "policy_arn": "arn:aws:iam::aws:policy/service-role/AWSBackupServiceRolePolicyForBackup",
            "role": "fhc_backup_role"
          },
          "sensitive_attributes": [],
          "private": "bnVsbA==",
          "dependencies": [
            "module.systemshared.aws_iam_role.backup"
          ]
        }
      ]
    },
    {
      "module": "module.systemshared",
      "mode": "managed",
      "type": "aws_iam_role_policy_attachment",
      "name": "dataprovider_hanadb",
      "provider": "provider[\"registry.terraform.io/hashicorp/aws\"]",
      "instances": [
        {
          "schema_version": 0,
          "attributes": {
            "id": "FHC_hanadb_role-20201214132557978900000004",
            "policy_arn": "arn:aws:iam::075097575793:policy/FHC-DataProviderPolicy",
            "role": "FHC_hanadb_role"
          },
          "sensitive_attributes": [],
          "private": "bnVsbA==",
          "dependencies": [
            "module.systemshared.aws_iam_policy.dataprovider",
            "module.systemshared.aws_iam_role.hanadb_role"
          ]
        }
      ]
    },
    {
      "module": "module.systemshared",
      "mode": "managed",
      "type": "aws_iam_role_policy_attachment",
      "name": "dataprovider_s4",
      "provider": "provider[\"registry.terraform.io/hashicorp/aws\"]",
      "instances": [
        {
          "schema_version": 0,
          "attributes": {
            "id": "FHC_s4_role-20201214132557969700000003",
            "policy_arn": "arn:aws:iam::075097575793:policy/FHC-DataProviderPolicy",
            "role": "FHC_s4_role"
          },
          "sensitive_attributes": [],
          "private": "bnVsbA==",
          "dependencies": [
            "module.systemshared.aws_iam_policy.dataprovider",
            "module.systemshared.aws_iam_role.s4_role"
          ]
        }
      ]
    },
    {
      "module": "module.systemshared",
      "mode": "managed",
      "type": "aws_iam_role_policy_attachment",
      "name": "hana_backint",
      "provider": "provider[\"registry.terraform.io/hashicorp/aws\"]",
      "instances": [
        {
          "schema_version": 0,
          "attributes": {
            "id": "FHC_hanadb_role-20201214132601116300000005",
            "policy_arn": "arn:aws:iam::075097575793:policy/FHC-BackintPolicy",
            "role": "FHC_hanadb_role"
          },
          "sensitive_attributes": [],
          "private": "bnVsbA==",
          "dependencies": [
            "module.systemshared.aws_iam_policy.hana_backint",
            "module.systemshared.aws_iam_role.hanadb_role",
            "module.systemshared.aws_kms_key.system",
            "module.systemshared.aws_s3_bucket.hana_backint"
          ]
        }
      ]
    },
    {
      "module": "module.systemshared",
      "mode": "managed",
      "type": "aws_kms_key",
      "name": "system",
      "provider": "provider[\"registry.terraform.io/hashicorp/aws\"]",
      "instances": [
        {
          "schema_version": 0,
          "attributes": {
            "arn": "arn:aws:kms:eu-central-1:075097575793:key/9ebd3ecd-a7d1-419d-9286-fa8ccd20cba5",
            "customer_master_key_spec": "SYMMETRIC_DEFAULT",
            "deletion_window_in_days": null,
            "description": "FHC_KMS_Key",
            "enable_key_rotation": false,
            "id": "9ebd3ecd-a7d1-419d-9286-fa8ccd20cba5",
            "is_enabled": true,
            "key_id": "9ebd3ecd-a7d1-419d-9286-fa8ccd20cba5",
            "key_usage": "ENCRYPT_DECRYPT",
            "policy": "{\"Id\":\"key-default-1\",\"Statement\":[{\"Action\":\"kms:*\",\"Effect\":\"Allow\",\"Principal\":{\"AWS\":\"arn:aws:iam::075097575793:root\"},\"Resource\":\"*\",\"Sid\":\"Enable IAM User Permissions\"}],\"Version\":\"2012-10-17\"}",
            "tags": null
          },
          "sensitive_attributes": [],
          "private": "bnVsbA=="
        }
      ]
    },
    {
      "module": "module.systemshared",
      "mode": "managed",
      "type": "aws_s3_bucket",
      "name": "hana_backint",
      "provider": "provider[\"registry.terraform.io/hashicorp/aws\"]",
      "instances": [
        {
          "schema_version": 0,
          "attributes": {
            "acceleration_status": "",
            "acl": "private",
            "arn": "arn:aws:s3:::fhc-hana-backint",
            "bucket": "fhc-hana-backint",
            "bucket_domain_name": "fhc-hana-backint.s3.amazonaws.com",
            "bucket_prefix": null,
            "bucket_regional_domain_name": "fhc-hana-backint.s3.eu-central-1.amazonaws.com",
            "cors_rule": [],
            "force_destroy": false,
            "grant": [],
            "hosted_zone_id": "Z21DNDUVLTQW6Q",
            "id": "fhc-hana-backint",
            "lifecycle_rule": [],
            "logging": [],
            "object_lock_configuration": [],
            "policy": null,
            "region": "eu-central-1",
            "replication_configuration": [],
            "request_payer": "BucketOwner",
            "server_side_encryption_configuration": [
              {
                "rule": [
                  {
                    "apply_server_side_encryption_by_default": [
                      {
                        "kms_master_key_id": "arn:aws:kms:eu-central-1:075097575793:key/9ebd3ecd-a7d1-419d-9286-fa8ccd20cba5",
                        "sse_algorithm": "aws:kms"
                      }
                    ]
                  }
                ]
              }
            ],
            "tags": {
              "Name": "fhc_hana_backint",
              "sap-sid": "FHC",
              "terraform-module": "systemshared"
            },
            "versioning": [
              {
                "enabled": false,
                "mfa_delete": false
              }
            ],
            "website": [],
            "website_domain": null,
            "website_endpoint": null
          },
          "sensitive_attributes": [],
          "private": "bnVsbA==",
          "dependencies": [
            "module.systemshared.aws_kms_key.system"
          ]
        }
      ]
    },
    {
      "module": "module.systemshared",
      "mode": "managed",
      "type": "aws_security_group",
      "name": "sec_group_efs",
      "provider": "provider[\"registry.terraform.io/hashicorp/aws\"]",
      "instances": [
        {
          "schema_version": 1,
          "attributes": {
            "arn": "arn:aws:ec2:eu-central-1:075097575793:security-group/sg-01dc0a76cff94f3d2",
            "description": "security group for FHC EFS storage",
            "egress": [],
            "id": "sg-01dc0a76cff94f3d2",
            "ingress": [],
            "name": "fhc-efs-20201214132555876800000001",
            "name_prefix": "fhc-efs-",
            "owner_id": "075097575793",
            "revoke_rules_on_delete": false,
            "tags": {
              "Name": "security group for FHC EFS storage",
              "sap-sid": "FHC",
              "terraform-module": "systemshared"
            },
            "timeouts": null,
            "vpc_id": "vpc-009cbc51f7bb28df1"
          },
          "sensitive_attributes": [],
          "private": "eyJlMmJmYjczMC1lY2FhLTExZTYtOGY4OC0zNDM2M2JjN2M0YzAiOnsiY3JlYXRlIjo2MDAwMDAwMDAwMDAsImRlbGV0ZSI6NjAwMDAwMDAwMDAwfSwic2NoZW1hX3ZlcnNpb24iOiIxIn0=",
          "create_before_destroy": true
        }
      ]
    },
    {
      "module": "module.systemshared",
      "mode": "managed",
      "type": "aws_security_group_rule",
      "name": "nfs",
      "provider": "provider[\"registry.terraform.io/hashicorp/aws\"]",
      "instances": [
        {
          "schema_version": 2,
          "attributes": {
            "cidr_blocks": [
              "0.0.0.0/0"
            ],
            "description": "NFS",
            "from_port": 2049,
            "id": "sgrule-204203455",
            "ipv6_cidr_blocks": null,
            "prefix_list_ids": null,
            "protocol": "tcp",
            "security_group_id": "sg-01dc0a76cff94f3d2",
            "self": false,
            "source_security_group_id": null,
            "to_port": 2049,
            "type": "ingress"
          },
          "sensitive_attributes": [],
          "private": "eyJzY2hlbWFfdmVyc2lvbiI6IjIifQ==",
          "dependencies": [
            "module.systemshared.aws_security_group.sec_group_efs"
          ]
        }
      ]
    }
  ]
}
